
Microsoft Visual Studio Solution File, Format Version 12.00
# Visual Studio 15
VisualStudioVersion = 15.0.27004.2006
MinimumVisualStudioVersion = 10.0.40219.1
Project("{FAE04EC0-301F-11D3-BF4B-00C04F79EFBC}") = "SANA", "SANA\SANA.csproj", "{AD9EC943-C1F0-494B-8B0E-18CD80D082E1}"
EndProject
Global
	GlobalSection(SolutionConfigurationPlatforms) = preSolution
		Debug|Any CPU = Debug|Any CPU
		Release|Any CPU = Release|Any CPU
	EndGlobalSection
	GlobalSection(ProjectConfigurationPlatforms) = postSolution
		{AD9EC943-C1F0-494B-8B0E-18CD80D082E1}.Debug|Any CPU.ActiveCfg = Debug|Any CPU
		{AD9EC943-C1F0-494B-8B0E-18CD80D082E1}.Debug|Any CPU.Build.0 = Debug|Any CPU
		{AD9EC943-C1F0-494B-8B0E-18CD80D082E1}.Release|Any CPU.ActiveCfg = Release|Any CPU
		{AD9EC943-C1F0-494B-8B0E-18CD80D082E1}.Release|Any CPU.Build.0 = Release|Any CPU
	EndGlobalSection
	GlobalSection(SolutionProperties) = preSolution
		HideSolutionNode = FALSE
	EndGlobalSection
	GlobalSection(ExtensibilityGlobals) = postSolution
		SolutionGuid = {2DA14DB3-A781-4BA6-83A9-8C4B38F3C2BA}
	EndGlobalSection
EndGlobal
